
Microsoft Visual Studio Solution File, Format Version 12.00
Project("{FAE04EC0-301F-11D3-BF4B-00C04F79EFBC}") = "NetMicro", "NetMicro\NetMicro.csproj", "{3028E960-5A4A-414C-BCF1-F50BFCCA3BD3}"
EndProject
Project("{FAE04EC0-301F-11D3-BF4B-00C04F79EFBC}") = "NetMicro.Auth.Jwt", "NetMicro.Auth.Jwt\NetMicro.Auth.Jwt.csproj", "{0E91FF66-DFB5-44ED-BBDB-FC99BC61EC9C}"
EndProject
Project("{FAE04EC0-301F-11D3-BF4B-00C04F79EFBC}") = "NetMicro.Auth.Jwt.Autofac", "NetMicro.Auth.Jwt.Autofac\NetMicro.Auth.Jwt.Autofac.csproj", "{38EB0182-83B4-433B-B60A-C1F0FC56A039}"
EndProject
Project("{FAE04EC0-301F-11D3-BF4B-00C04F79EFBC}") = "NetMicro.Auth.Jwt.NFlags", "NetMicro.Auth.Jwt.NFlags\NetMicro.Auth.Jwt.NFlags.csproj", "{8F03FEAD-B2C8-4FF7-A2D4-FE1833A08A11}"
EndProject
Project("{FAE04EC0-301F-11D3-BF4B-00C04F79EFBC}") = "NetMicro.Binding.Controllers", "NetMicro.Binding.Controllers\NetMicro.Binding.Controllers.csproj", "{908A1928-C934-4040-85E4-B89161F1185D}"
EndProject
Project("{FAE04EC0-301F-11D3-BF4B-00C04F79EFBC}") = "NetMicro.Binding.Controllers.Autofac", "NetMicro.Binding.Controllers.Autofac\NetMicro.Binding.Controllers.Autofac.csproj", "{5E683596-FBD7-42ED-B708-CAF85E675901}"
EndProject
Project("{FAE04EC0-301F-11D3-BF4B-00C04F79EFBC}") = "NetMicro.Bootstrap", "NetMicro.Bootstrap\NetMicro.Bootstrap.csproj", "{B0DC1AD4-8CF7-4F50-93A1-603839A3E4C7}"
EndProject
Project("{FAE04EC0-301F-11D3-BF4B-00C04F79EFBC}") = "NetMicro.Consul", "NetMicro.Consul\NetMicro.Consul.csproj", "{AEE9C30D-6F36-4D75-B4D9-2D33A2ED0572}"
EndProject
Project("{FAE04EC0-301F-11D3-BF4B-00C04F79EFBC}") = "NetMicro.Consul.NFlags", "NetMicro.Consul.NFlags\NetMicro.Consul.NFlags.csproj", "{B17C0D93-1B65-497A-82F6-ACCE1DF1630C}"
EndProject
Project("{FAE04EC0-301F-11D3-BF4B-00C04F79EFBC}") = "NetMicro.Controllers", "NetMicro.Controllers\NetMicro.Controllers.csproj", "{7420908D-5AEB-40FC-8D83-EA21C0799D32}"
EndProject
Project("{FAE04EC0-301F-11D3-BF4B-00C04F79EFBC}") = "NetMicro.Controllers.Autofac", "NetMicro.Controllers.Autofac\NetMicro.Controllers.Autofac.csproj", "{6CBB53F6-8C23-4E68-B9EC-6C3F1E46D9CE}"
EndProject
Project("{FAE04EC0-301F-11D3-BF4B-00C04F79EFBC}") = "NetMicro.ErrorHandling", "NetMicro.ErrorHandling\NetMicro.ErrorHandling.csproj", "{E3CA1C27-97AA-438E-9E50-91C82DB6B01F}"
EndProject
Project("{FAE04EC0-301F-11D3-BF4B-00C04F79EFBC}") = "NetMicro.Events", "NetMicro.Events\NetMicro.Events.csproj", "{1A66DE37-068E-4D43-8F42-075493C7FD59}"
EndProject
Project("{FAE04EC0-301F-11D3-BF4B-00C04F79EFBC}") = "NetMicro.Events.RabbitMQ", "NetMicro.Events.RabbitMQ\NetMicro.Events.RabbitMQ.csproj", "{C61E30DA-7D78-489A-AFF4-594752D6C534}"
EndProject
Project("{FAE04EC0-301F-11D3-BF4B-00C04F79EFBC}") = "NetMicro.Events.RabbitMQ.NFlags.Autofac", "NetMicro.Events.RabbitMQ.NFlags.Autofac\NetMicro.Events.RabbitMQ.NFlags.Autofac.csproj", "{78EE2E5D-0DBE-4795-A736-677FF5EA10F5}"
EndProject
Project("{FAE04EC0-301F-11D3-BF4B-00C04F79EFBC}") = "NetMicro.Exceptions", "NetMicro.Exceptions\NetMicro.Exceptions.csproj", "{3F1C25AC-FA5A-4B76-972F-7659829E5888}"
EndProject
Project("{FAE04EC0-301F-11D3-BF4B-00C04F79EFBC}") = "NetMicro.Http", "NetMicro.Http\NetMicro.Http.csproj", "{242B7D51-C412-43F9-84A7-56810113E188}"
EndProject
Project("{FAE04EC0-301F-11D3-BF4B-00C04F79EFBC}") = "NetMicro.LoadBalancing", "NetMicro.LoadBalancing\NetMicro.LoadBalancing.csproj", "{C456DE13-BEDE-409A-930C-9637AA68D6E1}"
EndProject
Project("{FAE04EC0-301F-11D3-BF4B-00C04F79EFBC}") = "NetMicro.LoadBalancing.Tests", "NetMicro.LoadBalancing.Tests\NetMicro.LoadBalancing.Tests.csproj", "{1135C082-FD38-4093-9A99-50B1893C7E26}"
EndProject
Project("{FAE04EC0-301F-11D3-BF4B-00C04F79EFBC}") = "NetMicro.MongoDB", "NetMicro.MongoDB\NetMicro.MongoDB.csproj", "{EB650C21-04F9-495F-ADE7-648C7172332E}"
EndProject
Project("{FAE04EC0-301F-11D3-BF4B-00C04F79EFBC}") = "NetMicro.MongoDB.NFlags", "NetMicro.MongoDB.NFlags\NetMicro.MongoDB.NFlags.csproj", "{7A1B8DD8-82AD-4DD4-804A-A8AC92980FF5}"
EndProject
Project("{FAE04EC0-301F-11D3-BF4B-00C04F79EFBC}") = "NetMicro.Monitoring.Prometheus", "NetMicro.Monitoring.Prometheus\NetMicro.Monitoring.Prometheus.csproj", "{9775CBFE-E807-4685-9D9D-80DCE3685BB5}"
EndProject
Project("{FAE04EC0-301F-11D3-BF4B-00C04F79EFBC}") = "NetMicro.Monitoring.Prometheus.NFlags", "NetMicro.Monitoring.Prometheus.NFlags\NetMicro.Monitoring.Prometheus.NFlags.csproj", "{0931D6A6-BEE0-4ADA-878E-7BACF5EC49F1}"
EndProject
Project("{FAE04EC0-301F-11D3-BF4B-00C04F79EFBC}") = "NetMicro.Presenters", "NetMicro.Presenters\NetMicro.Presenters.csproj", "{1190BACB-CB66-4C3C-B149-FC3E1958971F}"
EndProject
Project("{FAE04EC0-301F-11D3-BF4B-00C04F79EFBC}") = "NetMicro.Presenters.Autofac", "NetMicro.Presenters.Autofac\NetMicro.Presenters.Autofac.csproj", "{5217BB8B-2244-4909-88BF-37650F84FDDA}"
EndProject
Project("{FAE04EC0-301F-11D3-BF4B-00C04F79EFBC}") = "NetMicro.Queues", "NetMicro.Queues\NetMicro.Queues.csproj", "{D52D3708-835A-4F24-9B03-D1C34F8A4F0C}"
EndProject
Project("{FAE04EC0-301F-11D3-BF4B-00C04F79EFBC}") = "NetMicro.Queues.Kafka", "NetMicro.Queues.Kafka\NetMicro.Queues.Kafka.csproj", "{22F1FBFF-42E2-4D50-8DF6-2F6D4531A467}"
EndProject
Project("{FAE04EC0-301F-11D3-BF4B-00C04F79EFBC}") = "NetMicro.Queues.Kafka.NFlags", "NetMicro.Queues.Kafka.NFlags\NetMicro.Queues.Kafka.NFlags.csproj", "{06FDF1CE-CD84-43A9-B668-FDEF7C517CB4}"
EndProject
Project("{FAE04EC0-301F-11D3-BF4B-00C04F79EFBC}") = "NetMicro.Queues.Kafka.NFlags.Autofac", "NetMicro.Queues.Kafka.NFlags.Autofac\NetMicro.Queues.Kafka.NFlags.Autofac.csproj", "{C3717AC9-1794-4839-84A1-7D0D0A456918}"
EndProject
Project("{FAE04EC0-301F-11D3-BF4B-00C04F79EFBC}") = "NetMicro.Queues.RabbitMQ", "NetMicro.Queues.RabbitMQ\NetMicro.Queues.RabbitMQ.csproj", "{1283AB0D-5821-48CB-967E-F533D44BBAA7}"
EndProject
Project("{FAE04EC0-301F-11D3-BF4B-00C04F79EFBC}") = "NetMicro.RabbitMQ.NFlags", "NetMicro.RabbitMQ.NFlags\NetMicro.RabbitMQ.NFlags.csproj", "{86C393A0-A5F2-490B-B3AC-8F88F00AFA1B}"
EndProject
Project("{FAE04EC0-301F-11D3-BF4B-00C04F79EFBC}") = "NetMicro.RabbitMQ.NFlags.Autofac", "NetMicro.RabbitMQ.NFlags.Autofac\NetMicro.RabbitMQ.NFlags.Autofac.csproj", "{8601E7C0-209B-484D-A82D-842D54978813}"
EndProject
Project("{FAE04EC0-301F-11D3-BF4B-00C04F79EFBC}") = "NetMicro.Routing", "NetMicro.Routing\NetMicro.Routing.csproj", "{AE5AAFBE-DB3E-40DA-8820-3ADEBE1DDF67}"
EndProject
Project("{FAE04EC0-301F-11D3-BF4B-00C04F79EFBC}") = "NetMicro.Routing.Autofac", "NetMicro.Routing.Autofac\NetMicro.Routing.Autofac.csproj", "{E619A668-0467-4983-836C-1D12AEF6415A}"
EndProject
Project("{FAE04EC0-301F-11D3-BF4B-00C04F79EFBC}") = "NetMicro.Routing.Binding", "NetMicro.Routing.Binding\NetMicro.Routing.Binding.csproj", "{5C59AF19-C4E8-4D55-BF87-B3744F4E81FF}"
EndProject
Project("{FAE04EC0-301F-11D3-BF4B-00C04F79EFBC}") = "NetMicro.Routing.Binding.Autofac", "NetMicro.Routing.Binding.Autofac\NetMicro.Routing.Binding.Autofac.csproj", "{9403DBD4-1F96-4033-885C-0E45C4CC8CC1}"
EndProject
Project("{FAE04EC0-301F-11D3-BF4B-00C04F79EFBC}") = "NetMicro.Routing.Modules", "NetMicro.Routing.Modules\NetMicro.Routing.Modules.csproj", "{8FFDCBCD-3731-45DD-8567-560D1018CEE3}"
EndProject
Project("{FAE04EC0-301F-11D3-BF4B-00C04F79EFBC}") = "NetMicro.Routing.Owin", "NetMicro.Routing.Owin\NetMicro.Routing.Owin.csproj", "{3ACC8A44-1BE3-48B9-8079-087E66984A81}"
EndProject
Project("{FAE04EC0-301F-11D3-BF4B-00C04F79EFBC}") = "NetMicro.Routing.Tests", "NetMicro.Routing.Tests\NetMicro.Routing.Tests.csproj", "{A6DFEF52-3B6D-4252-BCCF-F958B178002D}"
EndProject
Project("{FAE04EC0-301F-11D3-BF4B-00C04F79EFBC}") = "NetMicro.Workers", "NetMicro.Workers\NetMicro.Workers.csproj", "{DBA1A1EC-5A6B-4C64-AD37-DA991DAB4785}"
EndProject
Project("{FAE04EC0-301F-11D3-BF4B-00C04F79EFBC}") = "NetMicro.Workers.Autofac", "NetMicro.Workers.Autofac\NetMicro.Workers.Autofac.csproj", "{0579D979-B557-4BA0-93D8-06A2E93A1760}"
EndProject
Project("{FAE04EC0-301F-11D3-BF4B-00C04F79EFBC}") = "NetMicro.RabbitMQ", "NetMicro.RabbitMQ\NetMicro.RabbitMQ.csproj", "{A947828B-9A04-4B2E-8E52-211646369637}"
EndProject
Project("{2150E333-8FDC-42A3-9474-1A3956D46DE8}") = "Tests", "Tests", "{5EC8C9BA-7826-4AC3-B964-A765ED9F48DE}"
EndProject
Project("{FAE04EC0-301F-11D3-BF4B-00C04F79EFBC}") = "NetMicro.Events.Simple", "NetMicro.Events.Simple\NetMicro.Events.Simple.csproj", "{95A20823-57E1-426E-9E5A-10CD24120E9D}"
EndProject
Project("{FAE04EC0-301F-11D3-BF4B-00C04F79EFBC}") = "NetMicro.Events.Simple.Autofac", "NetMicro.Events.Simple.Autofac\NetMicro.Events.Simple.Autofac.csproj", "{6130F022-BE13-4EAC-9697-10D209DC76BA}"
EndProject
Project("{FAE04EC0-301F-11D3-BF4B-00C04F79EFBC}") = "NetMicro.Queues.Simple", "NetMicro.Queues.Simple\NetMicro.Queues.Simple.csproj", "{7849644B-4B21-4381-87FC-3A2D8AD44A04}"
EndProject
Project("{FAE04EC0-301F-11D3-BF4B-00C04F79EFBC}") = "NetMicro.Queues.Simple.Autofac", "NetMicro.Queues.Simple.Autofac\NetMicro.Queues.Simple.Autofac.csproj", "{03F67D93-DFCA-4C5D-BA9C-F2D085FD2F97}"
EndProject
Project("{FAE04EC0-301F-11D3-BF4B-00C04F79EFBC}") = "NetMicro.ErrorHandling.Autofac", "NetMicro.ErrorHandling.Autofac\NetMicro.ErrorHandling.Autofac.csproj", "{D3D82767-200D-4F4A-BC16-BE7CE0BED785}"
EndProject
Project("{FAE04EC0-301F-11D3-BF4B-00C04F79EFBC}") = "NetMicro.MongoDB.NFlags.Autofac", "NetMicro.MongoDB.NFlags.Autofac\NetMicro.MongoDB.NFlags.Autofac.csproj", "{8A42209E-6DDD-4441-8A61-4F29B31C95DB}"
EndProject
Project("{FAE04EC0-301F-11D3-BF4B-00C04F79EFBC}") = "NetMicro.Routing.Extensions.Cors", "NetMicro.Routing.Extensions.Cors\NetMicro.Routing.Extensions.Cors.csproj", "{39C2A987-A9CF-4199-BB60-81FB35D24990}"
EndProject
Project("{FAE04EC0-301F-11D3-BF4B-00C04F79EFBC}") = "NetMicro.Auth.Session", "NetMicro.Auth.Session\NetMicro.Auth.Session.csproj", "{B9A0A9F0-19DB-4340-9D0B-910FA5636161}"
EndProject
Project("{FAE04EC0-301F-11D3-BF4B-00C04F79EFBC}") = "NetMicro.DataAccess", "NetMicro.DataAccess\NetMicro.DataAccess.csproj", "{02FA2616-7DE4-4B2C-B414-E217DDDA443A}"
EndProject
Project("{FAE04EC0-301F-11D3-BF4B-00C04F79EFBC}") = "NetMicro.ServiceBootstrap", "NetMicro.ServiceBootstrap\NetMicro.ServiceBootstrap.csproj", "{AB661587-31F5-43ED-9FE3-BF7318E74A50}"
EndProject
Project("{FAE04EC0-301F-11D3-BF4B-00C04F79EFBC}") = "NetMicro.Http.Tests", "NetMicro.Http.Tests\NetMicro.Http.Tests.csproj", "{C882F23B-1FB3-452F-A30F-6FFBF57F4250}"
EndProject
Project("{FAE04EC0-301F-11D3-BF4B-00C04F79EFBC}") = "NetMicro.Consul.NFlags.Autofac", "NetMicro.Consul.NFlags.Autofac\NetMicro.Consul.NFlags.Autofac.csproj", "{135BC41F-0B3E-4DA6-A54D-9FCE7BBCAA0B}"
EndProject
Project("{FAE04EC0-301F-11D3-BF4B-00C04F79EFBC}") = "NetMicro.Monitoring.Prometheus.NFlags.Autofac", "NetMicro.Monitoring.Prometheus.NFlags.Autofac\NetMicro.Monitoring.Prometheus.NFlags.Autofac.csproj", "{824B38A6-B235-4587-87BD-EA3E62F3E0FF}"
EndProject
Project("{FAE04EC0-301F-11D3-BF4B-00C04F79EFBC}") = "NetMicro.OAuth2", "NetMicro.OAuth2\NetMicro.OAuth2.csproj", "{32F67FC7-D380-40DA-8AEF-16C399346548}"
EndProject
Project("{FAE04EC0-301F-11D3-BF4B-00C04F79EFBC}") = "NetMicro.OAuth2.Google", "NetMicro.OAuth2.Google\NetMicro.OAuth2.Google.csproj", "{D9E78782-179F-41E7-B855-5E78D4A0E302}"
EndProject
Project("{FAE04EC0-301F-11D3-BF4B-00C04F79EFBC}") = "NetMicro.OAuth2.Autofac", "NetMicro.OAuth2.Autofac\NetMicro.OAuth2.Autofac.csproj", "{B676494B-5AB5-40A9-8730-6899DC4369D1}"
EndProject
Project("{FAE04EC0-301F-11D3-BF4B-00C04F79EFBC}") = "NetMicro.OAuth2.Google.NFlags", "NetMicro.OAuth2.Google.NFlags\NetMicro.OAuth2.Google.NFlags.csproj", "{D7F8E41D-E66B-413D-8131-67F7F5370479}"
EndProject
Project("{FAE04EC0-301F-11D3-BF4B-00C04F79EFBC}") = "NetMicro.OAuth2.Google.NFlags.Autofac", "NetMicro.OAuth2.Google.NFlags.Autofac\NetMicro.OAuth2.Google.NFlags.Autofac.csproj", "{AB281673-20C2-40EC-A9E4-320039182458}"
EndProject
Project("{FAE04EC0-301F-11D3-BF4B-00C04F79EFBC}") = "NetMicro.OAuth2.Facebook", "NetMicro.OAuth2.Facebook\NetMicro.OAuth2.Facebook.csproj", "{E95F0278-D57F-4D68-B46A-10E140F55C41}"
EndProject
Project("{FAE04EC0-301F-11D3-BF4B-00C04F79EFBC}") = "NetMicro.OAuth2.Facebook.NFlags", "NetMicro.OAuth2.Facebook.NFlags\NetMicro.OAuth2.Facebook.NFlags.csproj", "{5A320275-9506-4A35-A1BA-8A63B72F8487}"
EndProject
Project("{FAE04EC0-301F-11D3-BF4B-00C04F79EFBC}") = "NetMicro.OAuth2.Facebook.NFlags.Autofac", "NetMicro.OAuth2.Facebook.NFlags.Autofac\NetMicro.OAuth2.Facebook.NFlags.Autofac.csproj", "{8FEDCB7C-45ED-4193-BD84-9767F91FDE01}"
EndProject
Project("{2150E333-8FDC-42A3-9474-1A3956D46DE8}") = "OAuth2", "OAuth2", "{EA069285-54CE-4DF0-805A-D197447B5931}"
EndProject
Project("{2150E333-8FDC-42A3-9474-1A3956D46DE8}") = "Auth", "Auth", "{42FEC37C-A002-4149-8357-8C07CC0B0EDC}"
EndProject
Project("{2150E333-8FDC-42A3-9474-1A3956D46DE8}") = "Binding", "Binding", "{8140133E-29C7-4F83-ABD2-6786D04842C8}"
EndProject
Project("{2150E333-8FDC-42A3-9474-1A3956D46DE8}") = "Consul", "Consul", "{5F3F12E2-37DF-46A9-91AF-11D62200AE9C}"
EndProject
Project("{2150E333-8FDC-42A3-9474-1A3956D46DE8}") = "Controllers", "Controllers", "{4B6D703C-BC2E-4A94-B455-3A8E1B108B79}"
EndProject
Project("{2150E333-8FDC-42A3-9474-1A3956D46DE8}") = "ErrorHandling", "ErrorHandling", "{D75BC692-BA28-4083-B9F5-EACC8CFAAA50}"
EndProject
Project("{2150E333-8FDC-42A3-9474-1A3956D46DE8}") = "Events", "Events", "{E8FDAD72-7687-4FDC-B12D-8F3D84C485AF}"
EndProject
Project("{2150E333-8FDC-42A3-9474-1A3956D46DE8}") = "MongoDB", "MongoDB", "{2A074742-5EDB-48EF-96A5-1865CCE56EAA}"
EndProject
Project("{2150E333-8FDC-42A3-9474-1A3956D46DE8}") = "Monitoring", "Monitoring", "{4BB94786-46A9-44CF-8CBB-B1BF7FA8DB57}"
EndProject
Project("{2150E333-8FDC-42A3-9474-1A3956D46DE8}") = "Queues", "Queues", "{C628520B-BC25-4D1D-9764-6E6B9C3E570C}"
EndProject
Project("{2150E333-8FDC-42A3-9474-1A3956D46DE8}") = "Presenters", "Presenters", "{DB5A46E5-530D-425E-A305-AEBAA5CACBE6}"
EndProject
Project("{2150E333-8FDC-42A3-9474-1A3956D46DE8}") = "RabbitMq", "RabbitMq", "{04E18FE0-A8F3-41B6-A16A-56BDEC72E49E}"
EndProject
Project("{2150E333-8FDC-42A3-9474-1A3956D46DE8}") = "Routing", "Routing", "{44EF524A-D6B6-45A6-9B68-BE71DCC3B67B}"
EndProject
Project("{2150E333-8FDC-42A3-9474-1A3956D46DE8}") = "Workers", "Workers", "{1AA5B5E7-511F-42E7-9EDC-ADA14BAAD5C3}"
EndProject
Project("{2150E333-8FDC-42A3-9474-1A3956D46DE8}") = "Facebook", "Facebook", "{0080918B-374A-418D-89D3-C2579558F7F3}"
EndProject
Project("{2150E333-8FDC-42A3-9474-1A3956D46DE8}") = "Google", "Google", "{B1824AF5-E86A-4154-997D-05EF157DFFD3}"
EndProject
Project("{FAE04EC0-301F-11D3-BF4B-00C04F79EFBC}") = "NetMicro.ErrorHandling.NFlags", "NetMicro.ErrorHandling.NFlags\NetMicro.ErrorHandling.NFlags.csproj", "{DCB23A0F-7F31-4DDF-9705-DBA0B09D8AC5}"
EndProject
Project("{FAE04EC0-301F-11D3-BF4B-00C04F79EFBC}") = "NetMicro.DDD", "NetMicro.DDD\NetMicro.DDD.csproj", "{E7C0741A-47AE-4BFC-A302-814F25CF6948}"
EndProject
Global
	GlobalSection(SolutionConfigurationPlatforms) = preSolution
		Debug|Any CPU = Debug|Any CPU
		Release|Any CPU = Release|Any CPU
	EndGlobalSection
	GlobalSection(ProjectConfigurationPlatforms) = postSolution
		{3028E960-5A4A-414C-BCF1-F50BFCCA3BD3}.Debug|Any CPU.ActiveCfg = Debug|Any CPU
		{3028E960-5A4A-414C-BCF1-F50BFCCA3BD3}.Debug|Any CPU.Build.0 = Debug|Any CPU
		{3028E960-5A4A-414C-BCF1-F50BFCCA3BD3}.Release|Any CPU.ActiveCfg = Release|Any CPU
		{3028E960-5A4A-414C-BCF1-F50BFCCA3BD3}.Release|Any CPU.Build.0 = Release|Any CPU
		{0E91FF66-DFB5-44ED-BBDB-FC99BC61EC9C}.Debug|Any CPU.ActiveCfg = Debug|Any CPU
		{0E91FF66-DFB5-44ED-BBDB-FC99BC61EC9C}.Debug|Any CPU.Build.0 = Debug|Any CPU
		{0E91FF66-DFB5-44ED-BBDB-FC99BC61EC9C}.Release|Any CPU.ActiveCfg = Release|Any CPU
		{0E91FF66-DFB5-44ED-BBDB-FC99BC61EC9C}.Release|Any CPU.Build.0 = Release|Any CPU
		{38EB0182-83B4-433B-B60A-C1F0FC56A039}.Debug|Any CPU.ActiveCfg = Debug|Any CPU
		{38EB0182-83B4-433B-B60A-C1F0FC56A039}.Debug|Any CPU.Build.0 = Debug|Any CPU
		{38EB0182-83B4-433B-B60A-C1F0FC56A039}.Release|Any CPU.ActiveCfg = Release|Any CPU
		{38EB0182-83B4-433B-B60A-C1F0FC56A039}.Release|Any CPU.Build.0 = Release|Any CPU
		{8F03FEAD-B2C8-4FF7-A2D4-FE1833A08A11}.Debug|Any CPU.ActiveCfg = Debug|Any CPU
		{8F03FEAD-B2C8-4FF7-A2D4-FE1833A08A11}.Debug|Any CPU.Build.0 = Debug|Any CPU
		{8F03FEAD-B2C8-4FF7-A2D4-FE1833A08A11}.Release|Any CPU.ActiveCfg = Release|Any CPU
		{8F03FEAD-B2C8-4FF7-A2D4-FE1833A08A11}.Release|Any CPU.Build.0 = Release|Any CPU
		{908A1928-C934-4040-85E4-B89161F1185D}.Debug|Any CPU.ActiveCfg = Debug|Any CPU
		{908A1928-C934-4040-85E4-B89161F1185D}.Debug|Any CPU.Build.0 = Debug|Any CPU
		{908A1928-C934-4040-85E4-B89161F1185D}.Release|Any CPU.ActiveCfg = Release|Any CPU
		{908A1928-C934-4040-85E4-B89161F1185D}.Release|Any CPU.Build.0 = Release|Any CPU
		{5E683596-FBD7-42ED-B708-CAF85E675901}.Debug|Any CPU.ActiveCfg = Debug|Any CPU
		{5E683596-FBD7-42ED-B708-CAF85E675901}.Debug|Any CPU.Build.0 = Debug|Any CPU
		{5E683596-FBD7-42ED-B708-CAF85E675901}.Release|Any CPU.ActiveCfg = Release|Any CPU
		{5E683596-FBD7-42ED-B708-CAF85E675901}.Release|Any CPU.Build.0 = Release|Any CPU
		{B0DC1AD4-8CF7-4F50-93A1-603839A3E4C7}.Debug|Any CPU.ActiveCfg = Debug|Any CPU
		{B0DC1AD4-8CF7-4F50-93A1-603839A3E4C7}.Debug|Any CPU.Build.0 = Debug|Any CPU
		{B0DC1AD4-8CF7-4F50-93A1-603839A3E4C7}.Release|Any CPU.ActiveCfg = Release|Any CPU
		{B0DC1AD4-8CF7-4F50-93A1-603839A3E4C7}.Release|Any CPU.Build.0 = Release|Any CPU
		{AEE9C30D-6F36-4D75-B4D9-2D33A2ED0572}.Debug|Any CPU.ActiveCfg = Debug|Any CPU
		{AEE9C30D-6F36-4D75-B4D9-2D33A2ED0572}.Debug|Any CPU.Build.0 = Debug|Any CPU
		{AEE9C30D-6F36-4D75-B4D9-2D33A2ED0572}.Release|Any CPU.ActiveCfg = Release|Any CPU
		{AEE9C30D-6F36-4D75-B4D9-2D33A2ED0572}.Release|Any CPU.Build.0 = Release|Any CPU
		{B17C0D93-1B65-497A-82F6-ACCE1DF1630C}.Debug|Any CPU.ActiveCfg = Debug|Any CPU
		{B17C0D93-1B65-497A-82F6-ACCE1DF1630C}.Debug|Any CPU.Build.0 = Debug|Any CPU
		{B17C0D93-1B65-497A-82F6-ACCE1DF1630C}.Release|Any CPU.ActiveCfg = Release|Any CPU
		{B17C0D93-1B65-497A-82F6-ACCE1DF1630C}.Release|Any CPU.Build.0 = Release|Any CPU
		{7420908D-5AEB-40FC-8D83-EA21C0799D32}.Debug|Any CPU.ActiveCfg = Debug|Any CPU
		{7420908D-5AEB-40FC-8D83-EA21C0799D32}.Debug|Any CPU.Build.0 = Debug|Any CPU
		{7420908D-5AEB-40FC-8D83-EA21C0799D32}.Release|Any CPU.ActiveCfg = Release|Any CPU
		{7420908D-5AEB-40FC-8D83-EA21C0799D32}.Release|Any CPU.Build.0 = Release|Any CPU
		{6CBB53F6-8C23-4E68-B9EC-6C3F1E46D9CE}.Debug|Any CPU.ActiveCfg = Debug|Any CPU
		{6CBB53F6-8C23-4E68-B9EC-6C3F1E46D9CE}.Debug|Any CPU.Build.0 = Debug|Any CPU
		{6CBB53F6-8C23-4E68-B9EC-6C3F1E46D9CE}.Release|Any CPU.ActiveCfg = Release|Any CPU
		{6CBB53F6-8C23-4E68-B9EC-6C3F1E46D9CE}.Release|Any CPU.Build.0 = Release|Any CPU
		{E3CA1C27-97AA-438E-9E50-91C82DB6B01F}.Debug|Any CPU.ActiveCfg = Debug|Any CPU
		{E3CA1C27-97AA-438E-9E50-91C82DB6B01F}.Debug|Any CPU.Build.0 = Debug|Any CPU
		{E3CA1C27-97AA-438E-9E50-91C82DB6B01F}.Release|Any CPU.ActiveCfg = Release|Any CPU
		{E3CA1C27-97AA-438E-9E50-91C82DB6B01F}.Release|Any CPU.Build.0 = Release|Any CPU
		{1A66DE37-068E-4D43-8F42-075493C7FD59}.Debug|Any CPU.ActiveCfg = Debug|Any CPU
		{1A66DE37-068E-4D43-8F42-075493C7FD59}.Debug|Any CPU.Build.0 = Debug|Any CPU
		{1A66DE37-068E-4D43-8F42-075493C7FD59}.Release|Any CPU.ActiveCfg = Release|Any CPU
		{1A66DE37-068E-4D43-8F42-075493C7FD59}.Release|Any CPU.Build.0 = Release|Any CPU
		{C61E30DA-7D78-489A-AFF4-594752D6C534}.Debug|Any CPU.ActiveCfg = Debug|Any CPU
		{C61E30DA-7D78-489A-AFF4-594752D6C534}.Debug|Any CPU.Build.0 = Debug|Any CPU
		{C61E30DA-7D78-489A-AFF4-594752D6C534}.Release|Any CPU.ActiveCfg = Release|Any CPU
		{C61E30DA-7D78-489A-AFF4-594752D6C534}.Release|Any CPU.Build.0 = Release|Any CPU
		{78EE2E5D-0DBE-4795-A736-677FF5EA10F5}.Debug|Any CPU.ActiveCfg = Debug|Any CPU
		{78EE2E5D-0DBE-4795-A736-677FF5EA10F5}.Debug|Any CPU.Build.0 = Debug|Any CPU
		{78EE2E5D-0DBE-4795-A736-677FF5EA10F5}.Release|Any CPU.ActiveCfg = Release|Any CPU
		{78EE2E5D-0DBE-4795-A736-677FF5EA10F5}.Release|Any CPU.Build.0 = Release|Any CPU
		{3F1C25AC-FA5A-4B76-972F-7659829E5888}.Debug|Any CPU.ActiveCfg = Debug|Any CPU
		{3F1C25AC-FA5A-4B76-972F-7659829E5888}.Debug|Any CPU.Build.0 = Debug|Any CPU
		{3F1C25AC-FA5A-4B76-972F-7659829E5888}.Release|Any CPU.ActiveCfg = Release|Any CPU
		{3F1C25AC-FA5A-4B76-972F-7659829E5888}.Release|Any CPU.Build.0 = Release|Any CPU
		{242B7D51-C412-43F9-84A7-56810113E188}.Debug|Any CPU.ActiveCfg = Debug|Any CPU
		{242B7D51-C412-43F9-84A7-56810113E188}.Debug|Any CPU.Build.0 = Debug|Any CPU
		{242B7D51-C412-43F9-84A7-56810113E188}.Release|Any CPU.ActiveCfg = Release|Any CPU
		{242B7D51-C412-43F9-84A7-56810113E188}.Release|Any CPU.Build.0 = Release|Any CPU
		{C456DE13-BEDE-409A-930C-9637AA68D6E1}.Debug|Any CPU.ActiveCfg = Debug|Any CPU
		{C456DE13-BEDE-409A-930C-9637AA68D6E1}.Debug|Any CPU.Build.0 = Debug|Any CPU
		{C456DE13-BEDE-409A-930C-9637AA68D6E1}.Release|Any CPU.ActiveCfg = Release|Any CPU
		{C456DE13-BEDE-409A-930C-9637AA68D6E1}.Release|Any CPU.Build.0 = Release|Any CPU
		{1135C082-FD38-4093-9A99-50B1893C7E26}.Debug|Any CPU.ActiveCfg = Debug|Any CPU
		{1135C082-FD38-4093-9A99-50B1893C7E26}.Debug|Any CPU.Build.0 = Debug|Any CPU
		{1135C082-FD38-4093-9A99-50B1893C7E26}.Release|Any CPU.ActiveCfg = Release|Any CPU
		{1135C082-FD38-4093-9A99-50B1893C7E26}.Release|Any CPU.Build.0 = Release|Any CPU
		{EB650C21-04F9-495F-ADE7-648C7172332E}.Debug|Any CPU.ActiveCfg = Debug|Any CPU
		{EB650C21-04F9-495F-ADE7-648C7172332E}.Debug|Any CPU.Build.0 = Debug|Any CPU
		{EB650C21-04F9-495F-ADE7-648C7172332E}.Release|Any CPU.ActiveCfg = Release|Any CPU
		{EB650C21-04F9-495F-ADE7-648C7172332E}.Release|Any CPU.Build.0 = Release|Any CPU
		{7A1B8DD8-82AD-4DD4-804A-A8AC92980FF5}.Debug|Any CPU.ActiveCfg = Debug|Any CPU
		{7A1B8DD8-82AD-4DD4-804A-A8AC92980FF5}.Debug|Any CPU.Build.0 = Debug|Any CPU
		{7A1B8DD8-82AD-4DD4-804A-A8AC92980FF5}.Release|Any CPU.ActiveCfg = Release|Any CPU
		{7A1B8DD8-82AD-4DD4-804A-A8AC92980FF5}.Release|Any CPU.Build.0 = Release|Any CPU
		{9775CBFE-E807-4685-9D9D-80DCE3685BB5}.Debug|Any CPU.ActiveCfg = Debug|Any CPU
		{9775CBFE-E807-4685-9D9D-80DCE3685BB5}.Debug|Any CPU.Build.0 = Debug|Any CPU
		{9775CBFE-E807-4685-9D9D-80DCE3685BB5}.Release|Any CPU.ActiveCfg = Release|Any CPU
		{9775CBFE-E807-4685-9D9D-80DCE3685BB5}.Release|Any CPU.Build.0 = Release|Any CPU
		{0931D6A6-BEE0-4ADA-878E-7BACF5EC49F1}.Debug|Any CPU.ActiveCfg = Debug|Any CPU
		{0931D6A6-BEE0-4ADA-878E-7BACF5EC49F1}.Debug|Any CPU.Build.0 = Debug|Any CPU
		{0931D6A6-BEE0-4ADA-878E-7BACF5EC49F1}.Release|Any CPU.ActiveCfg = Release|Any CPU
		{0931D6A6-BEE0-4ADA-878E-7BACF5EC49F1}.Release|Any CPU.Build.0 = Release|Any CPU
		{1190BACB-CB66-4C3C-B149-FC3E1958971F}.Debug|Any CPU.ActiveCfg = Debug|Any CPU
		{1190BACB-CB66-4C3C-B149-FC3E1958971F}.Debug|Any CPU.Build.0 = Debug|Any CPU
		{1190BACB-CB66-4C3C-B149-FC3E1958971F}.Release|Any CPU.ActiveCfg = Release|Any CPU
		{1190BACB-CB66-4C3C-B149-FC3E1958971F}.Release|Any CPU.Build.0 = Release|Any CPU
		{5217BB8B-2244-4909-88BF-37650F84FDDA}.Debug|Any CPU.ActiveCfg = Debug|Any CPU
		{5217BB8B-2244-4909-88BF-37650F84FDDA}.Debug|Any CPU.Build.0 = Debug|Any CPU
		{5217BB8B-2244-4909-88BF-37650F84FDDA}.Release|Any CPU.ActiveCfg = Release|Any CPU
		{5217BB8B-2244-4909-88BF-37650F84FDDA}.Release|Any CPU.Build.0 = Release|Any CPU
		{D52D3708-835A-4F24-9B03-D1C34F8A4F0C}.Debug|Any CPU.ActiveCfg = Debug|Any CPU
		{D52D3708-835A-4F24-9B03-D1C34F8A4F0C}.Debug|Any CPU.Build.0 = Debug|Any CPU
		{D52D3708-835A-4F24-9B03-D1C34F8A4F0C}.Release|Any CPU.ActiveCfg = Release|Any CPU
		{D52D3708-835A-4F24-9B03-D1C34F8A4F0C}.Release|Any CPU.Build.0 = Release|Any CPU
		{22F1FBFF-42E2-4D50-8DF6-2F6D4531A467}.Debug|Any CPU.ActiveCfg = Debug|Any CPU
		{22F1FBFF-42E2-4D50-8DF6-2F6D4531A467}.Debug|Any CPU.Build.0 = Debug|Any CPU
		{22F1FBFF-42E2-4D50-8DF6-2F6D4531A467}.Release|Any CPU.ActiveCfg = Release|Any CPU
		{22F1FBFF-42E2-4D50-8DF6-2F6D4531A467}.Release|Any CPU.Build.0 = Release|Any CPU
		{06FDF1CE-CD84-43A9-B668-FDEF7C517CB4}.Debug|Any CPU.ActiveCfg = Debug|Any CPU
		{06FDF1CE-CD84-43A9-B668-FDEF7C517CB4}.Debug|Any CPU.Build.0 = Debug|Any CPU
		{06FDF1CE-CD84-43A9-B668-FDEF7C517CB4}.Release|Any CPU.ActiveCfg = Release|Any CPU
		{06FDF1CE-CD84-43A9-B668-FDEF7C517CB4}.Release|Any CPU.Build.0 = Release|Any CPU
		{C3717AC9-1794-4839-84A1-7D0D0A456918}.Debug|Any CPU.ActiveCfg = Debug|Any CPU
		{C3717AC9-1794-4839-84A1-7D0D0A456918}.Debug|Any CPU.Build.0 = Debug|Any CPU
		{C3717AC9-1794-4839-84A1-7D0D0A456918}.Release|Any CPU.ActiveCfg = Release|Any CPU
		{C3717AC9-1794-4839-84A1-7D0D0A456918}.Release|Any CPU.Build.0 = Release|Any CPU
		{1283AB0D-5821-48CB-967E-F533D44BBAA7}.Debug|Any CPU.ActiveCfg = Debug|Any CPU
		{1283AB0D-5821-48CB-967E-F533D44BBAA7}.Debug|Any CPU.Build.0 = Debug|Any CPU
		{1283AB0D-5821-48CB-967E-F533D44BBAA7}.Release|Any CPU.ActiveCfg = Release|Any CPU
		{1283AB0D-5821-48CB-967E-F533D44BBAA7}.Release|Any CPU.Build.0 = Release|Any CPU
		{86C393A0-A5F2-490B-B3AC-8F88F00AFA1B}.Debug|Any CPU.ActiveCfg = Debug|Any CPU
		{86C393A0-A5F2-490B-B3AC-8F88F00AFA1B}.Debug|Any CPU.Build.0 = Debug|Any CPU
		{86C393A0-A5F2-490B-B3AC-8F88F00AFA1B}.Release|Any CPU.ActiveCfg = Release|Any CPU
		{86C393A0-A5F2-490B-B3AC-8F88F00AFA1B}.Release|Any CPU.Build.0 = Release|Any CPU
		{8601E7C0-209B-484D-A82D-842D54978813}.Debug|Any CPU.ActiveCfg = Debug|Any CPU
		{8601E7C0-209B-484D-A82D-842D54978813}.Debug|Any CPU.Build.0 = Debug|Any CPU
		{8601E7C0-209B-484D-A82D-842D54978813}.Release|Any CPU.ActiveCfg = Release|Any CPU
		{8601E7C0-209B-484D-A82D-842D54978813}.Release|Any CPU.Build.0 = Release|Any CPU
		{AE5AAFBE-DB3E-40DA-8820-3ADEBE1DDF67}.Debug|Any CPU.ActiveCfg = Debug|Any CPU
		{AE5AAFBE-DB3E-40DA-8820-3ADEBE1DDF67}.Debug|Any CPU.Build.0 = Debug|Any CPU
		{AE5AAFBE-DB3E-40DA-8820-3ADEBE1DDF67}.Release|Any CPU.ActiveCfg = Release|Any CPU
		{AE5AAFBE-DB3E-40DA-8820-3ADEBE1DDF67}.Release|Any CPU.Build.0 = Release|Any CPU
		{E619A668-0467-4983-836C-1D12AEF6415A}.Debug|Any CPU.ActiveCfg = Debug|Any CPU
		{E619A668-0467-4983-836C-1D12AEF6415A}.Debug|Any CPU.Build.0 = Debug|Any CPU
		{E619A668-0467-4983-836C-1D12AEF6415A}.Release|Any CPU.ActiveCfg = Release|Any CPU
		{E619A668-0467-4983-836C-1D12AEF6415A}.Release|Any CPU.Build.0 = Release|Any CPU
		{5C59AF19-C4E8-4D55-BF87-B3744F4E81FF}.Debug|Any CPU.ActiveCfg = Debug|Any CPU
		{5C59AF19-C4E8-4D55-BF87-B3744F4E81FF}.Debug|Any CPU.Build.0 = Debug|Any CPU
		{5C59AF19-C4E8-4D55-BF87-B3744F4E81FF}.Release|Any CPU.ActiveCfg = Release|Any CPU
		{5C59AF19-C4E8-4D55-BF87-B3744F4E81FF}.Release|Any CPU.Build.0 = Release|Any CPU
		{9403DBD4-1F96-4033-885C-0E45C4CC8CC1}.Debug|Any CPU.ActiveCfg = Debug|Any CPU
		{9403DBD4-1F96-4033-885C-0E45C4CC8CC1}.Debug|Any CPU.Build.0 = Debug|Any CPU
		{9403DBD4-1F96-4033-885C-0E45C4CC8CC1}.Release|Any CPU.ActiveCfg = Release|Any CPU
		{9403DBD4-1F96-4033-885C-0E45C4CC8CC1}.Release|Any CPU.Build.0 = Release|Any CPU
		{8FFDCBCD-3731-45DD-8567-560D1018CEE3}.Debug|Any CPU.ActiveCfg = Debug|Any CPU
		{8FFDCBCD-3731-45DD-8567-560D1018CEE3}.Debug|Any CPU.Build.0 = Debug|Any CPU
		{8FFDCBCD-3731-45DD-8567-560D1018CEE3}.Release|Any CPU.ActiveCfg = Release|Any CPU
		{8FFDCBCD-3731-45DD-8567-560D1018CEE3}.Release|Any CPU.Build.0 = Release|Any CPU
		{3ACC8A44-1BE3-48B9-8079-087E66984A81}.Debug|Any CPU.ActiveCfg = Debug|Any CPU
		{3ACC8A44-1BE3-48B9-8079-087E66984A81}.Debug|Any CPU.Build.0 = Debug|Any CPU
		{3ACC8A44-1BE3-48B9-8079-087E66984A81}.Release|Any CPU.ActiveCfg = Release|Any CPU
		{3ACC8A44-1BE3-48B9-8079-087E66984A81}.Release|Any CPU.Build.0 = Release|Any CPU
		{A6DFEF52-3B6D-4252-BCCF-F958B178002D}.Debug|Any CPU.ActiveCfg = Debug|Any CPU
		{A6DFEF52-3B6D-4252-BCCF-F958B178002D}.Debug|Any CPU.Build.0 = Debug|Any CPU
		{A6DFEF52-3B6D-4252-BCCF-F958B178002D}.Release|Any CPU.ActiveCfg = Release|Any CPU
		{A6DFEF52-3B6D-4252-BCCF-F958B178002D}.Release|Any CPU.Build.0 = Release|Any CPU
		{DBA1A1EC-5A6B-4C64-AD37-DA991DAB4785}.Debug|Any CPU.ActiveCfg = Debug|Any CPU
		{DBA1A1EC-5A6B-4C64-AD37-DA991DAB4785}.Debug|Any CPU.Build.0 = Debug|Any CPU
		{DBA1A1EC-5A6B-4C64-AD37-DA991DAB4785}.Release|Any CPU.ActiveCfg = Release|Any CPU
		{DBA1A1EC-5A6B-4C64-AD37-DA991DAB4785}.Release|Any CPU.Build.0 = Release|Any CPU
		{0579D979-B557-4BA0-93D8-06A2E93A1760}.Debug|Any CPU.ActiveCfg = Debug|Any CPU
		{0579D979-B557-4BA0-93D8-06A2E93A1760}.Debug|Any CPU.Build.0 = Debug|Any CPU
		{0579D979-B557-4BA0-93D8-06A2E93A1760}.Release|Any CPU.ActiveCfg = Release|Any CPU
		{0579D979-B557-4BA0-93D8-06A2E93A1760}.Release|Any CPU.Build.0 = Release|Any CPU
		{A947828B-9A04-4B2E-8E52-211646369637}.Debug|Any CPU.ActiveCfg = Debug|Any CPU
		{A947828B-9A04-4B2E-8E52-211646369637}.Debug|Any CPU.Build.0 = Debug|Any CPU
		{A947828B-9A04-4B2E-8E52-211646369637}.Release|Any CPU.ActiveCfg = Release|Any CPU
		{A947828B-9A04-4B2E-8E52-211646369637}.Release|Any CPU.Build.0 = Release|Any CPU
		{95A20823-57E1-426E-9E5A-10CD24120E9D}.Debug|Any CPU.ActiveCfg = Debug|Any CPU
		{95A20823-57E1-426E-9E5A-10CD24120E9D}.Debug|Any CPU.Build.0 = Debug|Any CPU
		{95A20823-57E1-426E-9E5A-10CD24120E9D}.Release|Any CPU.ActiveCfg = Release|Any CPU
		{95A20823-57E1-426E-9E5A-10CD24120E9D}.Release|Any CPU.Build.0 = Release|Any CPU
		{6130F022-BE13-4EAC-9697-10D209DC76BA}.Debug|Any CPU.ActiveCfg = Debug|Any CPU
		{6130F022-BE13-4EAC-9697-10D209DC76BA}.Debug|Any CPU.Build.0 = Debug|Any CPU
		{6130F022-BE13-4EAC-9697-10D209DC76BA}.Release|Any CPU.ActiveCfg = Release|Any CPU
		{6130F022-BE13-4EAC-9697-10D209DC76BA}.Release|Any CPU.Build.0 = Release|Any CPU
		{7849644B-4B21-4381-87FC-3A2D8AD44A04}.Debug|Any CPU.ActiveCfg = Debug|Any CPU
		{7849644B-4B21-4381-87FC-3A2D8AD44A04}.Debug|Any CPU.Build.0 = Debug|Any CPU
		{7849644B-4B21-4381-87FC-3A2D8AD44A04}.Release|Any CPU.ActiveCfg = Release|Any CPU
		{7849644B-4B21-4381-87FC-3A2D8AD44A04}.Release|Any CPU.Build.0 = Release|Any CPU
		{03F67D93-DFCA-4C5D-BA9C-F2D085FD2F97}.Debug|Any CPU.ActiveCfg = Debug|Any CPU
		{03F67D93-DFCA-4C5D-BA9C-F2D085FD2F97}.Debug|Any CPU.Build.0 = Debug|Any CPU
		{03F67D93-DFCA-4C5D-BA9C-F2D085FD2F97}.Release|Any CPU.ActiveCfg = Release|Any CPU
		{03F67D93-DFCA-4C5D-BA9C-F2D085FD2F97}.Release|Any CPU.Build.0 = Release|Any CPU
		{D3D82767-200D-4F4A-BC16-BE7CE0BED785}.Debug|Any CPU.ActiveCfg = Debug|Any CPU
		{D3D82767-200D-4F4A-BC16-BE7CE0BED785}.Debug|Any CPU.Build.0 = Debug|Any CPU
		{D3D82767-200D-4F4A-BC16-BE7CE0BED785}.Release|Any CPU.ActiveCfg = Release|Any CPU
		{D3D82767-200D-4F4A-BC16-BE7CE0BED785}.Release|Any CPU.Build.0 = Release|Any CPU
		{8A42209E-6DDD-4441-8A61-4F29B31C95DB}.Debug|Any CPU.ActiveCfg = Debug|Any CPU
		{8A42209E-6DDD-4441-8A61-4F29B31C95DB}.Debug|Any CPU.Build.0 = Debug|Any CPU
		{8A42209E-6DDD-4441-8A61-4F29B31C95DB}.Release|Any CPU.ActiveCfg = Release|Any CPU
		{8A42209E-6DDD-4441-8A61-4F29B31C95DB}.Release|Any CPU.Build.0 = Release|Any CPU
		{39C2A987-A9CF-4199-BB60-81FB35D24990}.Debug|Any CPU.ActiveCfg = Debug|Any CPU
		{39C2A987-A9CF-4199-BB60-81FB35D24990}.Debug|Any CPU.Build.0 = Debug|Any CPU
		{39C2A987-A9CF-4199-BB60-81FB35D24990}.Release|Any CPU.ActiveCfg = Release|Any CPU
		{39C2A987-A9CF-4199-BB60-81FB35D24990}.Release|Any CPU.Build.0 = Release|Any CPU
		{B9A0A9F0-19DB-4340-9D0B-910FA5636161}.Debug|Any CPU.ActiveCfg = Debug|Any CPU
		{B9A0A9F0-19DB-4340-9D0B-910FA5636161}.Debug|Any CPU.Build.0 = Debug|Any CPU
		{B9A0A9F0-19DB-4340-9D0B-910FA5636161}.Release|Any CPU.ActiveCfg = Release|Any CPU
		{B9A0A9F0-19DB-4340-9D0B-910FA5636161}.Release|Any CPU.Build.0 = Release|Any CPU
		{02FA2616-7DE4-4B2C-B414-E217DDDA443A}.Debug|Any CPU.ActiveCfg = Debug|Any CPU
		{02FA2616-7DE4-4B2C-B414-E217DDDA443A}.Debug|Any CPU.Build.0 = Debug|Any CPU
		{02FA2616-7DE4-4B2C-B414-E217DDDA443A}.Release|Any CPU.ActiveCfg = Release|Any CPU
		{02FA2616-7DE4-4B2C-B414-E217DDDA443A}.Release|Any CPU.Build.0 = Release|Any CPU
		{AB661587-31F5-43ED-9FE3-BF7318E74A50}.Debug|Any CPU.ActiveCfg = Debug|Any CPU
		{AB661587-31F5-43ED-9FE3-BF7318E74A50}.Debug|Any CPU.Build.0 = Debug|Any CPU
		{AB661587-31F5-43ED-9FE3-BF7318E74A50}.Release|Any CPU.ActiveCfg = Release|Any CPU
		{AB661587-31F5-43ED-9FE3-BF7318E74A50}.Release|Any CPU.Build.0 = Release|Any CPU
		{C882F23B-1FB3-452F-A30F-6FFBF57F4250}.Debug|Any CPU.ActiveCfg = Debug|Any CPU
		{C882F23B-1FB3-452F-A30F-6FFBF57F4250}.Debug|Any CPU.Build.0 = Debug|Any CPU
		{C882F23B-1FB3-452F-A30F-6FFBF57F4250}.Release|Any CPU.ActiveCfg = Release|Any CPU
		{C882F23B-1FB3-452F-A30F-6FFBF57F4250}.Release|Any CPU.Build.0 = Release|Any CPU
		{135BC41F-0B3E-4DA6-A54D-9FCE7BBCAA0B}.Debug|Any CPU.ActiveCfg = Debug|Any CPU
		{135BC41F-0B3E-4DA6-A54D-9FCE7BBCAA0B}.Debug|Any CPU.Build.0 = Debug|Any CPU
		{135BC41F-0B3E-4DA6-A54D-9FCE7BBCAA0B}.Release|Any CPU.ActiveCfg = Release|Any CPU
		{135BC41F-0B3E-4DA6-A54D-9FCE7BBCAA0B}.Release|Any CPU.Build.0 = Release|Any CPU
		{824B38A6-B235-4587-87BD-EA3E62F3E0FF}.Debug|Any CPU.ActiveCfg = Debug|Any CPU
		{824B38A6-B235-4587-87BD-EA3E62F3E0FF}.Debug|Any CPU.Build.0 = Debug|Any CPU
		{824B38A6-B235-4587-87BD-EA3E62F3E0FF}.Release|Any CPU.ActiveCfg = Release|Any CPU
		{824B38A6-B235-4587-87BD-EA3E62F3E0FF}.Release|Any CPU.Build.0 = Release|Any CPU
		{32F67FC7-D380-40DA-8AEF-16C399346548}.Debug|Any CPU.ActiveCfg = Debug|Any CPU
		{32F67FC7-D380-40DA-8AEF-16C399346548}.Debug|Any CPU.Build.0 = Debug|Any CPU
		{32F67FC7-D380-40DA-8AEF-16C399346548}.Release|Any CPU.ActiveCfg = Release|Any CPU
		{32F67FC7-D380-40DA-8AEF-16C399346548}.Release|Any CPU.Build.0 = Release|Any CPU
		{D9E78782-179F-41E7-B855-5E78D4A0E302}.Debug|Any CPU.ActiveCfg = Debug|Any CPU
		{D9E78782-179F-41E7-B855-5E78D4A0E302}.Debug|Any CPU.Build.0 = Debug|Any CPU
		{D9E78782-179F-41E7-B855-5E78D4A0E302}.Release|Any CPU.ActiveCfg = Release|Any CPU
		{D9E78782-179F-41E7-B855-5E78D4A0E302}.Release|Any CPU.Build.0 = Release|Any CPU
		{B676494B-5AB5-40A9-8730-6899DC4369D1}.Debug|Any CPU.ActiveCfg = Debug|Any CPU
		{B676494B-5AB5-40A9-8730-6899DC4369D1}.Debug|Any CPU.Build.0 = Debug|Any CPU
		{B676494B-5AB5-40A9-8730-6899DC4369D1}.Release|Any CPU.ActiveCfg = Release|Any CPU
		{B676494B-5AB5-40A9-8730-6899DC4369D1}.Release|Any CPU.Build.0 = Release|Any CPU
		{D7F8E41D-E66B-413D-8131-67F7F5370479}.Debug|Any CPU.ActiveCfg = Debug|Any CPU
		{D7F8E41D-E66B-413D-8131-67F7F5370479}.Debug|Any CPU.Build.0 = Debug|Any CPU
		{D7F8E41D-E66B-413D-8131-67F7F5370479}.Release|Any CPU.ActiveCfg = Release|Any CPU
		{D7F8E41D-E66B-413D-8131-67F7F5370479}.Release|Any CPU.Build.0 = Release|Any CPU
		{AB281673-20C2-40EC-A9E4-320039182458}.Debug|Any CPU.ActiveCfg = Debug|Any CPU
		{AB281673-20C2-40EC-A9E4-320039182458}.Debug|Any CPU.Build.0 = Debug|Any CPU
		{AB281673-20C2-40EC-A9E4-320039182458}.Release|Any CPU.ActiveCfg = Release|Any CPU
		{AB281673-20C2-40EC-A9E4-320039182458}.Release|Any CPU.Build.0 = Release|Any CPU
		{E95F0278-D57F-4D68-B46A-10E140F55C41}.Debug|Any CPU.ActiveCfg = Debug|Any CPU
		{E95F0278-D57F-4D68-B46A-10E140F55C41}.Debug|Any CPU.Build.0 = Debug|Any CPU
		{E95F0278-D57F-4D68-B46A-10E140F55C41}.Release|Any CPU.ActiveCfg = Release|Any CPU
		{E95F0278-D57F-4D68-B46A-10E140F55C41}.Release|Any CPU.Build.0 = Release|Any CPU
		{5A320275-9506-4A35-A1BA-8A63B72F8487}.Debug|Any CPU.ActiveCfg = Debug|Any CPU
		{5A320275-9506-4A35-A1BA-8A63B72F8487}.Debug|Any CPU.Build.0 = Debug|Any CPU
		{5A320275-9506-4A35-A1BA-8A63B72F8487}.Release|Any CPU.ActiveCfg = Release|Any CPU
		{5A320275-9506-4A35-A1BA-8A63B72F8487}.Release|Any CPU.Build.0 = Release|Any CPU
		{8FEDCB7C-45ED-4193-BD84-9767F91FDE01}.Debug|Any CPU.ActiveCfg = Debug|Any CPU
		{8FEDCB7C-45ED-4193-BD84-9767F91FDE01}.Debug|Any CPU.Build.0 = Debug|Any CPU
		{8FEDCB7C-45ED-4193-BD84-9767F91FDE01}.Release|Any CPU.ActiveCfg = Release|Any CPU
		{8FEDCB7C-45ED-4193-BD84-9767F91FDE01}.Release|Any CPU.Build.0 = Release|Any CPU
		{DCB23A0F-7F31-4DDF-9705-DBA0B09D8AC5}.Debug|Any CPU.ActiveCfg = Debug|Any CPU
		{DCB23A0F-7F31-4DDF-9705-DBA0B09D8AC5}.Debug|Any CPU.Build.0 = Debug|Any CPU
		{DCB23A0F-7F31-4DDF-9705-DBA0B09D8AC5}.Release|Any CPU.ActiveCfg = Release|Any CPU
		{DCB23A0F-7F31-4DDF-9705-DBA0B09D8AC5}.Release|Any CPU.Build.0 = Release|Any CPU
		{E7C0741A-47AE-4BFC-A302-814F25CF6948}.Debug|Any CPU.ActiveCfg = Debug|Any CPU
		{E7C0741A-47AE-4BFC-A302-814F25CF6948}.Debug|Any CPU.Build.0 = Debug|Any CPU
		{E7C0741A-47AE-4BFC-A302-814F25CF6948}.Release|Any CPU.ActiveCfg = Release|Any CPU
		{E7C0741A-47AE-4BFC-A302-814F25CF6948}.Release|Any CPU.Build.0 = Release|Any CPU
	EndGlobalSection
	GlobalSection(NestedProjects) = preSolution
		{A6DFEF52-3B6D-4252-BCCF-F958B178002D} = {5EC8C9BA-7826-4AC3-B964-A765ED9F48DE}
		{1135C082-FD38-4093-9A99-50B1893C7E26} = {5EC8C9BA-7826-4AC3-B964-A765ED9F48DE}
		{C882F23B-1FB3-452F-A30F-6FFBF57F4250} = {5EC8C9BA-7826-4AC3-B964-A765ED9F48DE}
		{32F67FC7-D380-40DA-8AEF-16C399346548} = {EA069285-54CE-4DF0-805A-D197447B5931}
		{B676494B-5AB5-40A9-8730-6899DC4369D1} = {EA069285-54CE-4DF0-805A-D197447B5931}
		{0E91FF66-DFB5-44ED-BBDB-FC99BC61EC9C} = {42FEC37C-A002-4149-8357-8C07CC0B0EDC}
		{38EB0182-83B4-433B-B60A-C1F0FC56A039} = {42FEC37C-A002-4149-8357-8C07CC0B0EDC}
		{8F03FEAD-B2C8-4FF7-A2D4-FE1833A08A11} = {42FEC37C-A002-4149-8357-8C07CC0B0EDC}
		{B9A0A9F0-19DB-4340-9D0B-910FA5636161} = {42FEC37C-A002-4149-8357-8C07CC0B0EDC}
		{908A1928-C934-4040-85E4-B89161F1185D} = {8140133E-29C7-4F83-ABD2-6786D04842C8}
		{5E683596-FBD7-42ED-B708-CAF85E675901} = {8140133E-29C7-4F83-ABD2-6786D04842C8}
		{AEE9C30D-6F36-4D75-B4D9-2D33A2ED0572} = {5F3F12E2-37DF-46A9-91AF-11D62200AE9C}
		{B17C0D93-1B65-497A-82F6-ACCE1DF1630C} = {5F3F12E2-37DF-46A9-91AF-11D62200AE9C}
		{135BC41F-0B3E-4DA6-A54D-9FCE7BBCAA0B} = {5F3F12E2-37DF-46A9-91AF-11D62200AE9C}
		{7420908D-5AEB-40FC-8D83-EA21C0799D32} = {4B6D703C-BC2E-4A94-B455-3A8E1B108B79}
		{6CBB53F6-8C23-4E68-B9EC-6C3F1E46D9CE} = {4B6D703C-BC2E-4A94-B455-3A8E1B108B79}
		{E3CA1C27-97AA-438E-9E50-91C82DB6B01F} = {D75BC692-BA28-4083-B9F5-EACC8CFAAA50}
		{D3D82767-200D-4F4A-BC16-BE7CE0BED785} = {D75BC692-BA28-4083-B9F5-EACC8CFAAA50}
		{1A66DE37-068E-4D43-8F42-075493C7FD59} = {E8FDAD72-7687-4FDC-B12D-8F3D84C485AF}
		{C61E30DA-7D78-489A-AFF4-594752D6C534} = {E8FDAD72-7687-4FDC-B12D-8F3D84C485AF}
		{78EE2E5D-0DBE-4795-A736-677FF5EA10F5} = {E8FDAD72-7687-4FDC-B12D-8F3D84C485AF}
		{95A20823-57E1-426E-9E5A-10CD24120E9D} = {E8FDAD72-7687-4FDC-B12D-8F3D84C485AF}
		{6130F022-BE13-4EAC-9697-10D209DC76BA} = {E8FDAD72-7687-4FDC-B12D-8F3D84C485AF}
		{EB650C21-04F9-495F-ADE7-648C7172332E} = {2A074742-5EDB-48EF-96A5-1865CCE56EAA}
		{7A1B8DD8-82AD-4DD4-804A-A8AC92980FF5} = {2A074742-5EDB-48EF-96A5-1865CCE56EAA}
		{8A42209E-6DDD-4441-8A61-4F29B31C95DB} = {2A074742-5EDB-48EF-96A5-1865CCE56EAA}
		{9775CBFE-E807-4685-9D9D-80DCE3685BB5} = {4BB94786-46A9-44CF-8CBB-B1BF7FA8DB57}
		{0931D6A6-BEE0-4ADA-878E-7BACF5EC49F1} = {4BB94786-46A9-44CF-8CBB-B1BF7FA8DB57}
		{824B38A6-B235-4587-87BD-EA3E62F3E0FF} = {4BB94786-46A9-44CF-8CBB-B1BF7FA8DB57}
		{D52D3708-835A-4F24-9B03-D1C34F8A4F0C} = {C628520B-BC25-4D1D-9764-6E6B9C3E570C}
		{22F1FBFF-42E2-4D50-8DF6-2F6D4531A467} = {C628520B-BC25-4D1D-9764-6E6B9C3E570C}
		{06FDF1CE-CD84-43A9-B668-FDEF7C517CB4} = {C628520B-BC25-4D1D-9764-6E6B9C3E570C}
		{C3717AC9-1794-4839-84A1-7D0D0A456918} = {C628520B-BC25-4D1D-9764-6E6B9C3E570C}
		{1283AB0D-5821-48CB-967E-F533D44BBAA7} = {C628520B-BC25-4D1D-9764-6E6B9C3E570C}
		{7849644B-4B21-4381-87FC-3A2D8AD44A04} = {C628520B-BC25-4D1D-9764-6E6B9C3E570C}
		{03F67D93-DFCA-4C5D-BA9C-F2D085FD2F97} = {C628520B-BC25-4D1D-9764-6E6B9C3E570C}
		{1190BACB-CB66-4C3C-B149-FC3E1958971F} = {DB5A46E5-530D-425E-A305-AEBAA5CACBE6}
		{5217BB8B-2244-4909-88BF-37650F84FDDA} = {DB5A46E5-530D-425E-A305-AEBAA5CACBE6}
		{A947828B-9A04-4B2E-8E52-211646369637} = {04E18FE0-A8F3-41B6-A16A-56BDEC72E49E}
		{86C393A0-A5F2-490B-B3AC-8F88F00AFA1B} = {04E18FE0-A8F3-41B6-A16A-56BDEC72E49E}
		{8601E7C0-209B-484D-A82D-842D54978813} = {04E18FE0-A8F3-41B6-A16A-56BDEC72E49E}
		{AE5AAFBE-DB3E-40DA-8820-3ADEBE1DDF67} = {44EF524A-D6B6-45A6-9B68-BE71DCC3B67B}
		{E619A668-0467-4983-836C-1D12AEF6415A} = {44EF524A-D6B6-45A6-9B68-BE71DCC3B67B}
		{5C59AF19-C4E8-4D55-BF87-B3744F4E81FF} = {44EF524A-D6B6-45A6-9B68-BE71DCC3B67B}
		{9403DBD4-1F96-4033-885C-0E45C4CC8CC1} = {44EF524A-D6B6-45A6-9B68-BE71DCC3B67B}
		{39C2A987-A9CF-4199-BB60-81FB35D24990} = {44EF524A-D6B6-45A6-9B68-BE71DCC3B67B}
		{8FFDCBCD-3731-45DD-8567-560D1018CEE3} = {44EF524A-D6B6-45A6-9B68-BE71DCC3B67B}
		{3ACC8A44-1BE3-48B9-8079-087E66984A81} = {44EF524A-D6B6-45A6-9B68-BE71DCC3B67B}
		{DBA1A1EC-5A6B-4C64-AD37-DA991DAB4785} = {1AA5B5E7-511F-42E7-9EDC-ADA14BAAD5C3}
		{0579D979-B557-4BA0-93D8-06A2E93A1760} = {1AA5B5E7-511F-42E7-9EDC-ADA14BAAD5C3}
		{0080918B-374A-418D-89D3-C2579558F7F3} = {EA069285-54CE-4DF0-805A-D197447B5931}
		{E95F0278-D57F-4D68-B46A-10E140F55C41} = {0080918B-374A-418D-89D3-C2579558F7F3}
		{5A320275-9506-4A35-A1BA-8A63B72F8487} = {0080918B-374A-418D-89D3-C2579558F7F3}
		{8FEDCB7C-45ED-4193-BD84-9767F91FDE01} = {0080918B-374A-418D-89D3-C2579558F7F3}
		{B1824AF5-E86A-4154-997D-05EF157DFFD3} = {EA069285-54CE-4DF0-805A-D197447B5931}
		{D9E78782-179F-41E7-B855-5E78D4A0E302} = {B1824AF5-E86A-4154-997D-05EF157DFFD3}
		{D7F8E41D-E66B-413D-8131-67F7F5370479} = {B1824AF5-E86A-4154-997D-05EF157DFFD3}
		{AB281673-20C2-40EC-A9E4-320039182458} = {B1824AF5-E86A-4154-997D-05EF157DFFD3}
		{DCB23A0F-7F31-4DDF-9705-DBA0B09D8AC5} = {D75BC692-BA28-4083-B9F5-EACC8CFAAA50}
	EndGlobalSection
EndGlobal
